{
  "requires": true,
  "lockfileVersion": 1,
  "dependencies": {
    "libreria_operations": {
      "version": "1.3.0",
      "resolved": "https://registry.npmjs.org/libreria_operations/-/libreria_operations-1.3.0.tgz",
      "integrity": "sha512-2JcGXto9byLQT5r40ivssJTHiEdJ9apoDOt1y31OFkWo2Bo6d/WapViJc2GuTLHjfAWi0tC7j+VH42XERIfMsw=="
    }
  }
}
