{
  "name": "05-proyecto",
  "version": "1.0.0",
  "lockfileVersion": 1,
  "requires": true,
  "dependencies": {
    "libreria_cris": {
      "version": "1.0.0",
      "resolved": "https://registry.npmjs.org/libreria_cris/-/libreria_cris-1.0.0.tgz",
      "integrity": "sha512-jAxxjnR1FTEuOS68dYPShxeZuafztMuwn8dfb4wMt/pd4RmZI6OIamFe3sqP7f7S5jVaH2Ap/nUOp4w8VZQ/ag=="
    }
  }
}
