{
  "name": "op-basicas",
  "version": "1.0.0",
  "lockfileVersion": 1,
  "requires": true,
  "dependencies": {
    "libreria_cris": {
      "version": "1.0.0",
      "resolved": "https://registry.npmjs.org/libreria_cris/-/libreria_cris-1.0.0.tgz",
      "integrity": "sha512-jAxxjnR1FTEuOS68dYPShxeZuafztMuwn8dfb4wMt/pd4RmZI6OIamFe3sqP7f7S5jVaH2Ap/nUOp4w8VZQ/ag=="
    },
    "libreria_operations": {
      "version": "1.3.0",
      "resolved": "https://registry.npmjs.org/libreria_operations/-/libreria_operations-1.3.0.tgz",
      "integrity": "sha512-2JcGXto9byLQT5r40ivssJTHiEdJ9apoDOt1y31OFkWo2Bo6d/WapViJc2GuTLHjfAWi0tC7j+VH42XERIfMsw=="
    }
  }
}
